// !$*UTF8*$!
{
	archiveVersion = 1;
	classes = {
	};
	objectVersion = 50;
	objects = {

/* Begin PBXBuildFile section */
		DF62D33C2698ABF8007EE927 /* AppDelegate.swift in Sources */ = {isa = PBXBuildFile; fileRef = DF62D33B2698ABF8007EE927 /* AppDelegate.swift */; };
		DF62D33E2698ABF8007EE927 /* SceneDelegate.swift in Sources */ = {isa = PBXBuildFile; fileRef = DF62D33D2698ABF8007EE927 /* SceneDelegate.swift */; };
		DF62D3402698ABF8007EE927 /* ViewController.swift in Sources */ = {isa = PBXBuildFile; fileRef = DF62D33F2698ABF8007EE927 /* ViewController.swift */; };
		DF62D3432698ABF8007EE927 /* Main.storyboard in Resources */ = {isa = PBXBuildFile; fileRef = DF62D3412698ABF8007EE927 /* Main.storyboard */; };
		DF62D3452698ABFA007EE927 /* Assets.xcassets in Resources */ = {isa = PBXBuildFile; fileRef = DF62D3442698ABFA007EE927 /* Assets.xcassets */; };
		DF62D3482698ABFA007EE927 /* LaunchScreen.storyboard in Resources */ = {isa = PBXBuildFile; fileRef = DF62D3462698ABFA007EE927 /* LaunchScreen.storyboard */; };
		DF62D3532698ABFA007EE927 /* FlixTests.swift in Sources */ = {isa = PBXBuildFile; fileRef = DF62D3522698ABFA007EE927 /* FlixTests.swift */; };
		DF62D35E2698ABFA007EE927 /* FlixUITests.swift in Sources */ = {isa = PBXBuildFile; fileRef = DF62D35D2698ABFA007EE927 /* FlixUITests.swift */; };
/* End PBXBuildFile section */

/* Begin PBXContainerItemProxy section */
		DF62D34F2698ABFA007EE927 /* PBXContainerItemProxy */ = {
			isa = PBXContainerItemProxy;
			containerPortal = DF62D3302698ABF8007EE927 /* Project object */;
			proxyType = 1;
			remoteGlobalIDString = DF62D3372698ABF8007EE927;
			remoteInfo = Flix;
		};
		DF62D35A2698ABFA007EE927 /* PBXContainerItemProxy */ = {
			isa = PBXContainerItemProxy;
			containerPortal = DF62D3302698ABF8007EE927 /* Project object */;
			proxyType = 1;
			remoteGlobalIDString = DF62D3372698ABF8007EE927;
			remoteInfo = Flix;
		};
/* End PBXContainerItemProxy section */

/* Begin PBXFileReference section */
		DF62D3382698ABF8007EE927 /* Flix.app */ = {isa = PBXFileReference; explicitFileType = wrapper.application; includeInIndex = 0; path = Flix.app; sourceTree = BUILT_PRODUCTS_DIR; };
		DF62D33B2698ABF8007EE927 /* AppDelegate.swift */ = {isa = PBXFileReference; lastKnownFileType = sourcecode.swift; path = AppDelegate.swift; sourceTree = "<group>"; };
		DF62D33D2698ABF8007EE927 /* SceneDelegate.swift */ = {isa = PBXFileReference; lastKnownFileType = sourcecode.swift; path = SceneDelegate.swift; sourceTree = "<group>"; };
		DF62D33F2698ABF8007EE927 /* ViewController.swift */ = {isa = PBXFileReference; lastKnownFileType = sourcecode.swift; path = ViewController.swift; sourceTree = "<group>"; };
		DF62D3422698ABF8007EE927 /* Base */ = {isa = PBXFileReference; lastKnownFileType = file.storyboard; name = Base; path = Base.lproj/Main.storyboard; sourceTree = "<group>"; };
		DF62D3442698ABFA007EE927 /* Assets.xcassets */ = {isa = PBXFileReference; lastKnownFileType = folder.assetcatalog; path = Assets.xcassets; sourceTree = "<group>"; };
		DF62D3472698ABFA007EE927 /* Base */ = {isa = PBXFileReference; lastKnownFileType = file.storyboard; name = Base; path = Base.lproj/LaunchScreen.storyboard; sourceTree = "<group>"; };
		DF62D3492698ABFA007EE927 /* Info.plist */ = {isa = PBXFileReference; lastKnownFileType = text.plist.xml; path = Info.plist; sourceTree = "<group>"; };
		DF62D34E2698ABFA007EE927 /* FlixTests.xctest */ = {isa = PBXFileReference; explicitFileType = wrapper.cfbundle; includeInIndex = 0; path = FlixTests.xctest; sourceTree = BUILT_PRODUCTS_DIR; };
		DF62D3522698ABFA007EE927 /* FlixTests.swift */ = {isa = PBXFileReference; lastKnownFileType = sourcecode.swift; path = FlixTests.swift; sourceTree = "<group>"; };
		DF62D3542698ABFA007EE927 /* Info.plist */ = {isa = PBXFileReference; lastKnownFileType = text.plist.xml; path = Info.plist; sourceTree = "<group>"; };
		DF62D3592698ABFA007EE927 /* FlixUITests.xctest */ = {isa = PBXFileReference; explicitFileType = wrapper.cfbundle; includeInIndex = 0; path = FlixUITests.xctest; sourceTree = BUILT_PRODUCTS_DIR; };
		DF62D35D2698ABFA007EE927 /* FlixUITests.swift */ = {isa = PBXFileReference; lastKnownFileType = sourcecode.swift; path = FlixUITests.swift; sourceTree = "<group>"; };
		DF62D35F2698ABFA007EE927 /* Info.plist */ = {isa = PBXFileReference; lastKnownFileType = text.plist.xml; path = Info.plist; sourceTree = "<group>"; };
/* End PBXFileReference section */

/* Begin PBXFrameworksBuildPhase section */
		DF62D3352698ABF8007EE927 /* Frameworks */ = {
			isa = PBXFrameworksBuildPhase;
			buildActionMask = 2147483647;
			files = (
			);
			runOnlyForDeploymentPostprocessing = 0;
		};
		DF62D34B2698ABFA007EE927 /* Frameworks */ = {
			isa = PBXFrameworksBuildPhase;
			buildActionMask = 2147483647;
			files = (
			);
			runOnlyForDeploymentPostprocessing = 0;
		};
		DF62D3562698ABFA007EE927 /* Frameworks */ = {
			isa = PBXFrameworksBuildPhase;
			buildActionMask = 2147483647;
			files = (
			);
			runOnlyForDeploymentPostprocessing = 0;
		};
/* End PBXFrameworksBuildPhase section */

/* Begin PBXGroup section */
		DF62D32F2698ABF8007EE927 = {
			isa = PBXGroup;
			children = (
				DF62D33A2698ABF8007EE927 /* Flix */,
				DF62D3512698ABFA007EE927 /* FlixTests */,
				DF62D35C2698ABFA007EE927 /* FlixUITests */,
				DF62D3392698ABF8007EE927 /* Products */,
			);
			sourceTree = "<group>";
		};
		DF62D3392698ABF8007EE927 /* Products */ = {
			isa = PBXGroup;
			children = (
				DF62D3382698ABF8007EE927 /* Flix.app */,
				DF62D34E2698ABFA007EE927 /* FlixTests.xctest */,
				DF62D3592698ABFA007EE927 /* FlixUITests.xctest */,
			);
			name = Products;
			sourceTree = "<group>";
		};
		DF62D33A2698ABF8007EE927 /* Flix */ = {
			isa = PBXGroup;
			children = (
				DF62D33B2698ABF8007EE927 /* AppDelegate.swift */,
				DF62D33D2698ABF8007EE927 /* SceneDelegate.swift */,
				DF62D33F2698ABF8007EE927 /* ViewController.swift */,
				DF62D3412698ABF8007EE927 /* Main.storyboard */,
				DF62D3442698ABFA007EE927 /* Assets.xcassets */,
				DF62D3462698ABFA007EE927 /* LaunchScreen.storyboard */,
				DF62D3492698ABFA007EE927 /* Info.plist */,
			);
			path = Flix;
			sourceTree = "<group>";
		};
		DF62D3512698ABFA007EE927 /* FlixTests */ = {
			isa = PBXGroup;
			children = (
				DF62D3522698ABFA007EE927 /* FlixTests.swift */,
				DF62D3542698ABFA007EE927 /* Info.plist */,
			);
			path = FlixTests;
			sourceTree = "<group>";
		};
		DF62D35C2698ABFA007EE927 /* FlixUITests */ = {
			isa = PBXGroup;
			children = (
				DF62D35D2698ABFA007EE927 /* FlixUITests.swift */,
				DF62D35F2698ABFA007EE927 /* Info.plist */,
			);
			path = FlixUITests;
			sourceTree = "<group>";
		};
/* End PBXGroup section */

/* Begin PBXNativeTarget section */
		DF62D3372698ABF8007EE927 /* Flix */ = {
			isa = PBXNativeTarget;
			buildConfigurationList = DF62D3622698ABFA007EE927 /* Build configuration list for PBXNativeTarget "Flix" */;
			buildPhases = (
				DF62D3342698ABF8007EE927 /* Sources */,
				DF62D3352698ABF8007EE927 /* Frameworks */,
				DF62D3362698ABF8007EE927 /* Resources */,
			);
			buildRules = (
			);
			dependencies = (
			);
			name = Flix;
			productName = Flix;
			productReference = DF62D3382698ABF8007EE927 /* Flix.app */;
			productType = "com.apple.product-type.application";
		};
		DF62D34D2698ABFA007EE927 /* FlixTests */ = {
			isa = PBXNativeTarget;
			buildConfigurationList = DF62D3652698ABFA007EE927 /* Build configuration list for PBXNativeTarget "FlixTests" */;
			buildPhases = (
				DF62D34A2698ABFA007EE927 /* Sources */,
				DF62D34B2698ABFA007EE927 /* Frameworks */,
				DF62D34C2698ABFA007EE927 /* Resources */,
			);
			buildRules = (
			);
			dependencies = (
				DF62D3502698ABFA007EE927 /* PBXTargetDependency */,
			);
			name = FlixTests;
			productName = FlixTests;
			productReference = DF62D34E2698ABFA007EE927 /* FlixTests.xctest */;
			productType = "com.apple.product-type.bundle.unit-test";
		};
		DF62D3582698ABFA007EE927 /* FlixUITests */ = {
			isa = PBXNativeTarget;
			buildConfigurationList = DF62D3682698ABFA007EE927 /* Build configuration list for PBXNativeTarget "FlixUITests" */;
			buildPhases = (
				DF62D3552698ABFA007EE927 /* Sources */,
				DF62D3562698ABFA007EE927 /* Frameworks */,
				DF62D3572698ABFA007EE927 /* Resources */,
			);
			buildRules = (
			);
			dependencies = (
				DF62D35B2698ABFA007EE927 /* PBXTargetDependency */,
			);
			name = FlixUITests;
			productName = FlixUITests;
			productReference = DF62D3592698ABFA007EE927 /* FlixUITests.xctest */;
			productType = "com.apple.product-type.bundle.ui-testing";
		};
/* End PBXNativeTarget section */

/* Begin PBXProject section */
		DF62D3302698ABF8007EE927 /* Project object */ = {
			isa = PBXProject;
			attributes = {
				LastSwiftUpdateCheck = 1250;
				LastUpgradeCheck = 1250;
				TargetAttributes = {
					DF62D3372698ABF8007EE927 = {
						CreatedOnToolsVersion = 12.5.1;
					};
					DF62D34D2698ABFA007EE927 = {
						CreatedOnToolsVersion = 12.5.1;
						TestTargetID = DF62D3372698ABF8007EE927;
					};
					DF62D3582698ABFA007EE927 = {
						CreatedOnToolsVersion = 12.5.1;
						TestTargetID = DF62D3372698ABF8007EE927;
					};
				};
			};
			buildConfigurationList = DF62D3332698ABF8007EE927 /* Build configuration list for PBXProject "Flix" */;
			compatibilityVersion = "Xcode 9.3";
			developmentRegion = en;
			hasScannedForEncodings = 0;
			knownRegions = (
				en,
				Base,
			);
			mainGroup = DF62D32F2698ABF8007EE927;
			productRefGroup = DF62D3392698ABF8007EE927 /* Products */;
			projectDirPath = "";
			projectRoot = "";
			targets = (
				DF62D3372698ABF8007EE927 /* Flix */,
				DF62D34D2698ABFA007EE927 /* FlixTests */,
				DF62D3582698ABFA007EE927 /* FlixUITests */,
			);
		};
/* End PBXProject section */

/* Begin PBXResourcesBuildPhase section */
		DF62D3362698ABF8007EE927 /* Resources */ = {
			isa = PBXResourcesBuildPhase;
			buildActionMask = 2147483647;
			files = (
				DF62D3482698ABFA007EE927 /* LaunchScreen.storyboard in Resources */,
				DF62D3452698ABFA007EE927 /* Assets.xcassets in Resources */,
				DF62D3432698ABF8007EE927 /* Main.storyboard in Resources */,
			);
			runOnlyForDeploymentPostprocessing = 0;
		};
		DF62D34C2698ABFA007EE927 /* Resources */ = {
			isa = PBXResourcesBuildPhase;
			buildActionMask = 2147483647;
			files = (
			);
			runOnlyForDeploymentPostprocessing = 0;
		};
		DF62D3572698ABFA007EE927 /* Resources */ = {
			isa = PBXResourcesBuildPhase;
			buildActionMask = 2147483647;
			files = (
			);
			runOnlyForDeploymentPostprocessing = 0;
		};
/* End PBXResourcesBuildPhase section */

/* Begin PBXSourcesBuildPhase section */
		DF62D3342698ABF8007EE927 /* Sources */ = {
			isa = PBXSourcesBuildPhase;
			buildActionMask = 2147483647;
			files = (
				DF62D3402698ABF8007EE927 /* ViewController.swift in Sources */,
				DF62D33C2698ABF8007EE927 /* AppDelegate.swift in Sources */,
				DF62D33E2698ABF8007EE927 /* SceneDelegate.swift in Sources */,
			);
			runOnlyForDeploymentPostprocessing = 0;
		};
		DF62D34A2698ABFA007EE927 /* Sources */ = {
			isa = PBXSourcesBuildPhase;
			buildActionMask = 2147483647;
			files = (
				DF62D3532698ABFA007EE927 /* FlixTests.swift in Sources */,
			);
			runOnlyForDeploymentPostprocessing = 0;
		};
		DF62D3552698ABFA007EE927 /* Sources */ = {
			isa = PBXSourcesBuildPhase;
			buildActionMask = 2147483647;
			files = (
				DF62D35E2698ABFA007EE927 /* FlixUITests.swift in Sources */,
			);
			runOnlyForDeploymentPostprocessing = 0;
		};
/* End PBXSourcesBuildPhase section */

/* Begin PBXTargetDependency section */
		DF62D3502698ABFA007EE927 /* PBXTargetDependency */ = {
			isa = PBXTargetDependency;
			target = DF62D3372698ABF8007EE927 /* Flix */;
			targetProxy = DF62D34F2698ABFA007EE927 /* PBXContainerItemProxy */;
		};
		DF62D35B2698ABFA007EE927 /* PBXTargetDependency */ = {
			isa = PBXTargetDependency;
			target = DF62D3372698ABF8007EE927 /* Flix */;
			targetProxy = DF62D35A2698ABFA007EE927 /* PBXContainerItemProxy */;
		};
/* End PBXTargetDependency section */

/* Begin PBXVariantGroup section */
		DF62D3412698ABF8007EE927 /* Main.storyboard */ = {
			isa = PBXVariantGroup;
			children = (
				DF62D3422698ABF8007EE927 /* Base */,
			);
			name = Main.storyboard;
			sourceTree = "<group>";
		};
		DF62D3462698ABFA007EE927 /* LaunchScreen.storyboard */ = {
			isa = PBXVariantGroup;
			children = (
				DF62D3472698ABFA007EE927 /* Base */,
			);
			name = LaunchScreen.storyboard;
			sourceTree = "<group>";
		};
/* End PBXVariantGroup section */

/* Begin XCBuildConfiguration section */
		DF62D3602698ABFA007EE927 /* Debug */ = {
			isa = XCBuildConfiguration;
			buildSettings = {
				ALWAYS_SEARCH_USER_PATHS = NO;
				CLANG_ANALYZER_NONNULL = YES;
				CLANG_ANALYZER_NUMBER_OBJECT_CONVERSION = YES_AGGRESSIVE;
				CLANG_CXX_LANGUAGE_STANDARD = "gnu++14";
				CLANG_CXX_LIBRARY = "libc++";
				CLANG_ENABLE_MODULES = YES;
				CLANG_ENABLE_OBJC_ARC = YES;
				CLANG_ENABLE_OBJC_WEAK = YES;
				CLANG_WARN_BLOCK_CAPTURE_AUTORELEASING = YES;
				CLANG_WARN_BOOL_CONVERSION = YES;
				CLANG_WARN_COMMA = YES;
				CLANG_WARN_CONSTANT_CONVERSION = YES;
				CLANG_WARN_DEPRECATED_OBJC_IMPLEMENTATIONS = YES;
				CLANG_WARN_DIRECT_OBJC_ISA_USAGE = YES_ERROR;
				CLANG_WARN_DOCUMENTATION_COMMENTS = YES;
				CLANG_WARN_EMPTY_BODY = YES;
				CLANG_WARN_ENUM_CONVERSION = YES;
				CLANG_WARN_INFINITE_RECURSION = YES;
				CLANG_WARN_INT_CONVERSION = YES;
				CLANG_WARN_NON_LITERAL_NULL_CONVERSION = YES;
				CLANG_WARN_OBJC_IMPLICIT_RETAIN_SELF = YES;
				CLANG_WARN_OBJC_LITERAL_CONVERSION = YES;
				CLANG_WARN_OBJC_ROOT_CLASS = YES_ERROR;
				CLANG_WARN_QUOTED_INCLUDE_IN_FRAMEWORK_HEADER = YES;
				CLANG_WARN_RANGE_LOOP_ANALYSIS = YES;
				CLANG_WARN_STRICT_PROTOTYPES = YES;
				CLANG_WARN_SUSPICIOUS_MOVE = YES;
				CLANG_WARN_UNGUARDED_AVAILABILITY = YES_AGGRESSIVE;
				CLANG_WARN_UNREACHABLE_CODE = YES;
				CLANG_WARN__DUPLICATE_METHOD_MATCH = YES;
				COPY_PHASE_STRIP = NO;
				DEBUG_INFORMATION_FORMAT = dwarf;
				ENABLE_STRICT_OBJC_MSGSEND = YES;
				ENABLE_TESTABILITY = YES;
				GCC_C_LANGUAGE_STANDARD = gnu11;
				GCC_DYNAMIC_NO_PIC = NO;
				GCC_NO_COMMON_BLOCKS = YES;
				GCC_OPTIMIZATION_LEVEL = 0;
				GCC_PREPROCESSOR_DEFINITIONS = (
					"DEBUG=1",
					"$(inherited)",
				);
				GCC_WARN_64_TO_32_BIT_CONVERSION = YES;
				GCC_WARN_ABOUT_RETURN_TYPE = YES_ERROR;
				GCC_WARN_UNDECLARED_SELECTOR = YES;
				GCC_WARN_UNINITIALIZED_AUTOS = YES_AGGRESSIVE;
				GCC_WARN_UNUSED_FUNCTION = YES;
				GCC_WARN_UNUSED_VARIABLE = YES;
				IPHONEOS_DEPLOYMENT_TARGET = 14.5;
				MTL_ENABLE_DEBUG_INFO = INCLUDE_SOURCE;
				MTL_FAST_MATH = YES;
				ONLY_ACTIVE_ARCH = YES;
				SDKROOT = iphoneos;
				SWIFT_ACTIVE_COMPILATION_CONDITIONS = DEBUG;
				SWIFT_OPTIMIZATION_LEVEL = "-Onone";
			};
			name = Debug;
		};
		DF62D3612698ABFA007EE927 /* Release */ = {
			isa = XCBuildConfiguration;
			buildSettings = {
				ALWAYS_SEARCH_USER_PATHS = NO;
				CLANG_ANALYZER_NONNULL = YES;
				CLANG_ANALYZER_NUMBER_OBJECT_CONVERSION = YES_AGGRESSIVE;
				CLANG_CXX_LANGUAGE_STANDARD = "gnu++14";
				CLANG_CXX_LIBRARY = "libc++";
				CLANG_ENABLE_MODULES = YES;
				CLANG_ENABLE_OBJC_ARC = YES;
				CLANG_ENABLE_OBJC_WEAK = YES;
				CLANG_WARN_BLOCK_CAPTURE_AUTORELEASING = YES;
				CLANG_WARN_BOOL_CONVERSION = YES;
				CLANG_WARN_COMMA = YES;
				CLANG_WARN_CONSTANT_CONVERSION = YES;
				CLANG_WARN_DEPRECATED_OBJC_IMPLEMENTATIONS = YES;
				CLANG_WARN_DIRECT_OBJC_ISA_USAGE = YES_ERROR;
				CLANG_WARN_DOCUMENTATION_COMMENTS = YES;
				CLANG_WARN_EMPTY_BODY = YES;
				CLANG_WARN_ENUM_CONVERSION = YES;
				CLANG_WARN_INFINITE_RECURSION = YES;
				CLANG_WARN_INT_CONVERSION = YES;
				CLANG_WARN_NON_LITERAL_NULL_CONVERSION = YES;
				CLANG_WARN_OBJC_IMPLICIT_RETAIN_SELF = YES;
				CLANG_WARN_OBJC_LITERAL_CONVERSION = YES;
				CLANG_WARN_OBJC_ROOT_CLASS = YES_ERROR;
				CLANG_WARN_QUOTED_INCLUDE_IN_FRAMEWORK_HEADER = YES;
				CLANG_WARN_RANGE_LOOP_ANALYSIS = YES;
				CLANG_WARN_STRICT_PROTOTYPES = YES;
				CLANG_WARN_SUSPICIOUS_MOVE = YES;
				CLANG_WARN_UNGUARDED_AVAILABILITY = YES_AGGRESSIVE;
				CLANG_WARN_UNREACHABLE_CODE = YES;
				CLANG_WARN__DUPLICATE_METHOD_MATCH = YES;
				COPY_PHASE_STRIP = NO;
				DEBUG_INFORMATION_FORMAT = "dwarf-with-dsym";
				ENABLE_NS_ASSERTIONS = NO;
				ENABLE_STRICT_OBJC_MSGSEND = YES;
				GCC_C_LANGUAGE_STANDARD = gnu11;
				GCC_NO_COMMON_BLOCKS = YES;
				GCC_WARN_64_TO_32_BIT_CONVERSION = YES;
				GCC_WARN_ABOUT_RETURN_TYPE = YES_ERROR;
				GCC_WARN_UNDECLARED_SELECTOR = YES;
				GCC_WARN_UNINITIALIZED_AUTOS = YES_AGGRESSIVE;
				GCC_WARN_UNUSED_FUNCTION = YES;
				GCC_WARN_UNUSED_VARIABLE = YES;
				IPHONEOS_DEPLOYMENT_TARGET = 14.5;
				MTL_ENABLE_DEBUG_INFO = NO;
				MTL_FAST_MATH = YES;
				SDKROOT = iphoneos;
				SWIFT_COMPILATION_MODE = wholemodule;
				SWIFT_OPTIMIZATION_LEVEL = "-O";
				VALIDATE_PRODUCT = YES;
			};
			name = Release;
		};
		DF62D3632698ABFA007EE927 /* Debug */ = {
			isa = XCBuildConfiguration;
			buildSettings = {
				ASSETCATALOG_COMPILER_APPICON_NAME = AppIcon;
				ASSETCATALOG_COMPILER_GLOBAL_ACCENT_COLOR_NAME = AccentColor;
				CODE_SIGN_STYLE = Automatic;
				INFOPLIST_FILE = Flix/Info.plist;
				LD_RUNPATH_SEARCH_PATHS = (
					"$(inherited)",
					"@executable_path/Frameworks",
				);
				PRODUCT_BUNDLE_IDENTIFIER = co.amberhandal.Flix;
				PRODUCT_NAME = "$(TARGET_NAME)";
				SWIFT_VERSION = 5.0;
				TARGETED_DEVICE_FAMILY = "1,2";
			};
			name = Debug;
		};
		DF62D3642698ABFA007EE927 /* Release */ = {
			isa = XCBuildConfiguration;
			buildSettings = {
				ASSETCATALOG_COMPILER_APPICON_NAME = AppIcon;
				ASSETCATALOG_COMPILER_GLOBAL_ACCENT_COLOR_NAME = AccentColor;
				CODE_SIGN_STYLE = Automatic;
				INFOPLIST_FILE = Flix/Info.plist;
				LD_RUNPATH_SEARCH_PATHS = (
					"$(inherited)",
					"@executable_path/Frameworks",
				);
				PRODUCT_BUNDLE_IDENTIFIER = co.amberhandal.Flix;
				PRODUCT_NAME = "$(TARGET_NAME)";
				SWIFT_VERSION = 5.0;
				TARGETED_DEVICE_FAMILY = "1,2";
			};
			name = Release;
		};
		DF62D3662698ABFA007EE927 /* Debug */ = {
			isa = XCBuildConfiguration;
			buildSettings = {
				ALWAYS_EMBED_SWIFT_STANDARD_LIBRARIES = YES;
				BUNDLE_LOADER = "$(TEST_HOST)";
				CODE_SIGN_STYLE = Automatic;
				INFOPLIST_FILE = FlixTests/Info.plist;
				IPHONEOS_DEPLOYMENT_TARGET = 14.5;
				LD_RUNPATH_SEARCH_PATHS = (
					"$(inherited)",
					"@executable_path/Frameworks",
					"@loader_path/Frameworks",
				);
				PRODUCT_BUNDLE_IDENTIFIER = co.amberhandal.FlixTests;
				PRODUCT_NAME = "$(TARGET_NAME)";
				SWIFT_VERSION = 5.0;
				TARGETED_DEVICE_FAMILY = "1,2";
				TEST_HOST = "$(BUILT_PRODUCTS_DIR)/Flix.app/Flix";
			};
			name = Debug;
		};
		DF62D3672698ABFA007EE927 /* Release */ = {
			isa = XCBuildConfiguration;
			buildSettings = {
				ALWAYS_EMBED_SWIFT_STANDARD_LIBRARIES = YES;
				BUNDLE_LOADER = "$(TEST_HOST)";
				CODE_SIGN_STYLE = Automatic;
				INFOPLIST_FILE = FlixTests/Info.plist;
				IPHONEOS_DEPLOYMENT_TARGET = 14.5;
				LD_RUNPATH_SEARCH_PATHS = (
					"$(inherited)",
					"@executable_path/Frameworks",
					"@loader_path/Frameworks",
				);
				PRODUCT_BUNDLE_IDENTIFIER = co.amberhandal.FlixTests;
				PRODUCT_NAME = "$(TARGET_NAME)";
				SWIFT_VERSION = 5.0;
				TARGETED_DEVICE_FAMILY = "1,2";
				TEST_HOST = "$(BUILT_PRODUCTS_DIR)/Flix.app/Flix";
			};
			name = Release;
		};
		DF62D3692698ABFA007EE927 /* Debug */ = {
			isa = XCBuildConfiguration;
			buildSettings = {
				ALWAYS_EMBED_SWIFT_STANDARD_LIBRARIES = YES;
				CODE_SIGN_STYLE = Automatic;
				INFOPLIST_FILE = FlixUITests/Info.plist;
				LD_RUNPATH_SEARCH_PATHS = (
					"$(inherited)",
					"@executable_path/Frameworks",
					"@loader_path/Frameworks",
				);
				PRODUCT_BUNDLE_IDENTIFIER = co.amberhandal.FlixUITests;
				PRODUCT_NAME = "$(TARGET_NAME)";
				SWIFT_VERSION = 5.0;
				TARGETED_DEVICE_FAMILY = "1,2";
				TEST_TARGET_NAME = Flix;
			};
			name = Debug;
		};
		DF62D36A2698ABFA007EE927 /* Release */ = {
			isa = XCBuildConfiguration;
			buildSettings = {
				ALWAYS_EMBED_SWIFT_STANDARD_LIBRARIES = YES;
				CODE_SIGN_STYLE = Automatic;
				INFOPLIST_FILE = FlixUITests/Info.plist;
				LD_RUNPATH_SEARCH_PATHS = (
					"$(inherited)",
					"@executable_path/Frameworks",
					"@loader_path/Frameworks",
				);
				PRODUCT_BUNDLE_IDENTIFIER = co.amberhandal.FlixUITests;
				PRODUCT_NAME = "$(TARGET_NAME)";
				SWIFT_VERSION = 5.0;
				TARGETED_DEVICE_FAMILY = "1,2";
				TEST_TARGET_NAME = Flix;
			};
			name = Release;
		};
/* End XCBuildConfiguration section */

/* Begin XCConfigurationList section */
		DF62D3332698ABF8007EE927 /* Build configuration list for PBXProject "Flix" */ = {
			isa = XCConfigurationList;
			buildConfigurations = (
				DF62D3602698ABFA007EE927 /* Debug */,
				DF62D3612698ABFA007EE927 /* Release */,
			);
			defaultConfigurationIsVisible = 0;
			defaultConfigurationName = Release;
		};
		DF62D3622698ABFA007EE927 /* Build configuration list for PBXNativeTarget "Flix" */ = {
			isa = XCConfigurationList;
			buildConfigurations = (
				DF62D3632698ABFA007EE927 /* Debug */,
				DF62D3642698ABFA007EE927 /* Release */,
			);
			defaultConfigurationIsVisible = 0;
			defaultConfigurationName = Release;
		};
		DF62D3652698ABFA007EE927 /* Build configuration list for PBXNativeTarget "FlixTests" */ = {
			isa = XCConfigurationList;
			buildConfigurations = (
				DF62D3662698ABFA007EE927 /* Debug */,
				DF62D3672698ABFA007EE927 /* Release */,
			);
			defaultConfigurationIsVisible = 0;
			defaultConfigurationName = Release;
		};
		DF62D3682698ABFA007EE927 /* Build configuration list for PBXNativeTarget "FlixUITests" */ = {
			isa = XCConfigurationList;
			buildConfigurations = (
				DF62D3692698ABFA007EE927 /* Debug */,
				DF62D36A2698ABFA007EE927 /* Release */,
			);
			defaultConfigurationIsVisible = 0;
			defaultConfigurationName = Release;
		};
/* End XCConfigurationList section */
	};
	rootObject = DF62D3302698ABF8007EE927 /* Project object */;
}
