// !$*UTF8*$!
{
	archiveVersion = 1;
	classes = {
	};
	objectVersion = 52;
	objects = {

/* Begin PBXBuildFile section */
		01F7C5B5E04B1CE50DA7C58A /* Pods_Flix.framework in Frameworks */ = {isa = PBXBuildFile; fileRef = EFDC9B28CB4716FCC604C927 /* Pods_Flix.framework */; };
		434A8F33426253FCA864FC49 /* Pods_FlixTests.framework in Frameworks */ = {isa = PBXBuildFile; fileRef = 906DC1067CA30275423356B9 /* Pods_FlixTests.framework */; };
		C9DC23F064B867D3594542DB /* Pods_Flix_FlixUITests.framework in Frameworks */ = {isa = PBXBuildFile; fileRef = 940B1BE97E6087F93624BF69 /* Pods_Flix_FlixUITests.framework */; };
		DF62D33C2698ABF8007EE927 /* AppDelegate.swift in Sources */ = {isa = PBXBuildFile; fileRef = DF62D33B2698ABF8007EE927 /* AppDelegate.swift */; };
		DF62D33E2698ABF8007EE927 /* SceneDelegate.swift in Sources */ = {isa = PBXBuildFile; fileRef = DF62D33D2698ABF8007EE927 /* SceneDelegate.swift */; };
		DF62D3432698ABF8007EE927 /* Main.storyboard in Resources */ = {isa = PBXBuildFile; fileRef = DF62D3412698ABF8007EE927 /* Main.storyboard */; };
		DF62D3452698ABFA007EE927 /* Assets.xcassets in Resources */ = {isa = PBXBuildFile; fileRef = DF62D3442698ABFA007EE927 /* Assets.xcassets */; };
		DF62D3482698ABFA007EE927 /* LaunchScreen.storyboard in Resources */ = {isa = PBXBuildFile; fileRef = DF62D3462698ABFA007EE927 /* LaunchScreen.storyboard */; };
		DF62D3532698ABFA007EE927 /* FlixTests.swift in Sources */ = {isa = PBXBuildFile; fileRef = DF62D3522698ABFA007EE927 /* FlixTests.swift */; };
		DF62D35E2698ABFA007EE927 /* FlixUITests.swift in Sources */ = {isa = PBXBuildFile; fileRef = DF62D35D2698ABFA007EE927 /* FlixUITests.swift */; };
		DF62D36C2698B67D007EE927 /* MoviesViewController.swift in Sources */ = {isa = PBXBuildFile; fileRef = DF62D36B2698B67D007EE927 /* MoviesViewController.swift */; };
		DF62D36E2698F7A4007EE927 /* MovieCell.swift in Sources */ = {isa = PBXBuildFile; fileRef = DF62D36D2698F7A4007EE927 /* MovieCell.swift */; };
		DF62D3712698FB92007EE927 /* AlamofireImage in Frameworks */ = {isa = PBXBuildFile; productRef = DF62D3702698FB92007EE927 /* AlamofireImage */; };
		DF84DA0E26A27FDB0076B1B1 /* MovieGridViewController.swift in Sources */ = {isa = PBXBuildFile; fileRef = DF84DA0D26A27FDA0076B1B1 /* MovieGridViewController.swift */; };
		DF84DA1226A2861E0076B1B1 /* MovieGridCell.swift in Sources */ = {isa = PBXBuildFile; fileRef = DF84DA1126A2861E0076B1B1 /* MovieGridCell.swift */; };
		DFA6971B26A1F2EC00A11295 /* MovieDetailsViewController.swift in Sources */ = {isa = PBXBuildFile; fileRef = DFA6971A26A1F2EC00A11295 /* MovieDetailsViewController.swift */; };
/* End PBXBuildFile section */

/* Begin PBXContainerItemProxy section */
		DF62D34F2698ABFA007EE927 /* PBXContainerItemProxy */ = {
			isa = PBXContainerItemProxy;
			containerPortal = DF62D3302698ABF8007EE927 /* Project object */;
			proxyType = 1;
			remoteGlobalIDString = DF62D3372698ABF8007EE927;
			remoteInfo = Flix;
		};
		DF62D35A2698ABFA007EE927 /* PBXContainerItemProxy */ = {
			isa = PBXContainerItemProxy;
			containerPortal = DF62D3302698ABF8007EE927 /* Project object */;
			proxyType = 1;
			remoteGlobalIDString = DF62D3372698ABF8007EE927;
			remoteInfo = Flix;
		};
/* End PBXContainerItemProxy section */

/* Begin PBXFileReference section */
		39F4268E5FAE10C0E479A419 /* Pods-Flix.release.xcconfig */ = {isa = PBXFileReference; includeInIndex = 1; lastKnownFileType = text.xcconfig; name = "Pods-Flix.release.xcconfig"; path = "Target Support Files/Pods-Flix/Pods-Flix.release.xcconfig"; sourceTree = "<group>"; };
		5BB1C35B00C0373181A26480 /* Pods-Flix-FlixUITests.release.xcconfig */ = {isa = PBXFileReference; includeInIndex = 1; lastKnownFileType = text.xcconfig; name = "Pods-Flix-FlixUITests.release.xcconfig"; path = "Target Support Files/Pods-Flix-FlixUITests/Pods-Flix-FlixUITests.release.xcconfig"; sourceTree = "<group>"; };
		851D46FF8BD2AAC4BA6B80AE /* Pods-FlixTests.debug.xcconfig */ = {isa = PBXFileReference; includeInIndex = 1; lastKnownFileType = text.xcconfig; name = "Pods-FlixTests.debug.xcconfig"; path = "Target Support Files/Pods-FlixTests/Pods-FlixTests.debug.xcconfig"; sourceTree = "<group>"; };
		8721911BA9A3F3182E768564 /* Pods-Flix.debug.xcconfig */ = {isa = PBXFileReference; includeInIndex = 1; lastKnownFileType = text.xcconfig; name = "Pods-Flix.debug.xcconfig"; path = "Target Support Files/Pods-Flix/Pods-Flix.debug.xcconfig"; sourceTree = "<group>"; };
		906DC1067CA30275423356B9 /* Pods_FlixTests.framework */ = {isa = PBXFileReference; explicitFileType = wrapper.framework; includeInIndex = 0; path = Pods_FlixTests.framework; sourceTree = BUILT_PRODUCTS_DIR; };
		9237154D20C661D0B32DA1EF /* Pods-Flix-FlixUITests.debug.xcconfig */ = {isa = PBXFileReference; includeInIndex = 1; lastKnownFileType = text.xcconfig; name = "Pods-Flix-FlixUITests.debug.xcconfig"; path = "Target Support Files/Pods-Flix-FlixUITests/Pods-Flix-FlixUITests.debug.xcconfig"; sourceTree = "<group>"; };
		940B1BE97E6087F93624BF69 /* Pods_Flix_FlixUITests.framework */ = {isa = PBXFileReference; explicitFileType = wrapper.framework; includeInIndex = 0; path = Pods_Flix_FlixUITests.framework; sourceTree = BUILT_PRODUCTS_DIR; };
		A9E119C616BA8092199A96E8 /* Pods-FlixTests.release.xcconfig */ = {isa = PBXFileReference; includeInIndex = 1; lastKnownFileType = text.xcconfig; name = "Pods-FlixTests.release.xcconfig"; path = "Target Support Files/Pods-FlixTests/Pods-FlixTests.release.xcconfig"; sourceTree = "<group>"; };
		DF62D3382698ABF8007EE927 /* Flix.app */ = {isa = PBXFileReference; explicitFileType = wrapper.application; includeInIndex = 0; path = Flix.app; sourceTree = BUILT_PRODUCTS_DIR; };
		DF62D33B2698ABF8007EE927 /* AppDelegate.swift */ = {isa = PBXFileReference; lastKnownFileType = sourcecode.swift; path = AppDelegate.swift; sourceTree = "<group>"; };
		DF62D33D2698ABF8007EE927 /* SceneDelegate.swift */ = {isa = PBXFileReference; lastKnownFileType = sourcecode.swift; path = SceneDelegate.swift; sourceTree = "<group>"; };
		DF62D3422698ABF8007EE927 /* Base */ = {isa = PBXFileReference; lastKnownFileType = file.storyboard; name = Base; path = Base.lproj/Main.storyboard; sourceTree = "<group>"; };
		DF62D3442698ABFA007EE927 /* Assets.xcassets */ = {isa = PBXFileReference; lastKnownFileType = folder.assetcatalog; path = Assets.xcassets; sourceTree = "<group>"; };
		DF62D3472698ABFA007EE927 /* Base */ = {isa = PBXFileReference; lastKnownFileType = file.storyboard; name = Base; path = Base.lproj/LaunchScreen.storyboard; sourceTree = "<group>"; };
		DF62D3492698ABFA007EE927 /* Info.plist */ = {isa = PBXFileReference; lastKnownFileType = text.plist.xml; path = Info.plist; sourceTree = "<group>"; };
		DF62D34E2698ABFA007EE927 /* FlixTests.xctest */ = {isa = PBXFileReference; explicitFileType = wrapper.cfbundle; includeInIndex = 0; path = FlixTests.xctest; sourceTree = BUILT_PRODUCTS_DIR; };
		DF62D3522698ABFA007EE927 /* FlixTests.swift */ = {isa = PBXFileReference; lastKnownFileType = sourcecode.swift; path = FlixTests.swift; sourceTree = "<group>"; };
		DF62D3542698ABFA007EE927 /* Info.plist */ = {isa = PBXFileReference; lastKnownFileType = text.plist.xml; path = Info.plist; sourceTree = "<group>"; };
		DF62D3592698ABFA007EE927 /* FlixUITests.xctest */ = {isa = PBXFileReference; explicitFileType = wrapper.cfbundle; includeInIndex = 0; path = FlixUITests.xctest; sourceTree = BUILT_PRODUCTS_DIR; };
		DF62D35D2698ABFA007EE927 /* FlixUITests.swift */ = {isa = PBXFileReference; lastKnownFileType = sourcecode.swift; path = FlixUITests.swift; sourceTree = "<group>"; };
		DF62D35F2698ABFA007EE927 /* Info.plist */ = {isa = PBXFileReference; lastKnownFileType = text.plist.xml; path = Info.plist; sourceTree = "<group>"; };
		DF62D36B2698B67D007EE927 /* MoviesViewController.swift */ = {isa = PBXFileReference; lastKnownFileType = sourcecode.swift; path = MoviesViewController.swift; sourceTree = "<group>"; };
		DF62D36D2698F7A4007EE927 /* MovieCell.swift */ = {isa = PBXFileReference; lastKnownFileType = sourcecode.swift; path = MovieCell.swift; sourceTree = "<group>"; };
		DF84DA0D26A27FDA0076B1B1 /* MovieGridViewController.swift */ = {isa = PBXFileReference; lastKnownFileType = sourcecode.swift; path = MovieGridViewController.swift; sourceTree = "<group>"; };
		DF84DA1126A2861E0076B1B1 /* MovieGridCell.swift */ = {isa = PBXFileReference; lastKnownFileType = sourcecode.swift; path = MovieGridCell.swift; sourceTree = "<group>"; };
		DFA6971A26A1F2EC00A11295 /* MovieDetailsViewController.swift */ = {isa = PBXFileReference; lastKnownFileType = sourcecode.swift; path = MovieDetailsViewController.swift; sourceTree = "<group>"; };
		EFDC9B28CB4716FCC604C927 /* Pods_Flix.framework */ = {isa = PBXFileReference; explicitFileType = wrapper.framework; includeInIndex = 0; path = Pods_Flix.framework; sourceTree = BUILT_PRODUCTS_DIR; };
/* End PBXFileReference section */

/* Begin PBXFrameworksBuildPhase section */
		DF62D3352698ABF8007EE927 /* Frameworks */ = {
			isa = PBXFrameworksBuildPhase;
			buildActionMask = 2147483647;
			files = (
				DF62D3712698FB92007EE927 /* AlamofireImage in Frameworks */,
				01F7C5B5E04B1CE50DA7C58A /* Pods_Flix.framework in Frameworks */,
			);
			runOnlyForDeploymentPostprocessing = 0;
		};
		DF62D34B2698ABFA007EE927 /* Frameworks */ = {
			isa = PBXFrameworksBuildPhase;
			buildActionMask = 2147483647;
			files = (
				434A8F33426253FCA864FC49 /* Pods_FlixTests.framework in Frameworks */,
			);
			runOnlyForDeploymentPostprocessing = 0;
		};
		DF62D3562698ABFA007EE927 /* Frameworks */ = {
			isa = PBXFrameworksBuildPhase;
			buildActionMask = 2147483647;
			files = (
				C9DC23F064B867D3594542DB /* Pods_Flix_FlixUITests.framework in Frameworks */,
			);
			runOnlyForDeploymentPostprocessing = 0;
		};
/* End PBXFrameworksBuildPhase section */

/* Begin PBXGroup section */
		0A32DD0DE6498F58502D79D7 /* Pods */ = {
			isa = PBXGroup;
			children = (
				8721911BA9A3F3182E768564 /* Pods-Flix.debug.xcconfig */,
				39F4268E5FAE10C0E479A419 /* Pods-Flix.release.xcconfig */,
				9237154D20C661D0B32DA1EF /* Pods-Flix-FlixUITests.debug.xcconfig */,
				5BB1C35B00C0373181A26480 /* Pods-Flix-FlixUITests.release.xcconfig */,
				851D46FF8BD2AAC4BA6B80AE /* Pods-FlixTests.debug.xcconfig */,
				A9E119C616BA8092199A96E8 /* Pods-FlixTests.release.xcconfig */,
			);
			path = Pods;
			sourceTree = "<group>";
		};
		37397BC61CC5707018CC4669 /* Frameworks */ = {
			isa = PBXGroup;
			children = (
				EFDC9B28CB4716FCC604C927 /* Pods_Flix.framework */,
				940B1BE97E6087F93624BF69 /* Pods_Flix_FlixUITests.framework */,
				906DC1067CA30275423356B9 /* Pods_FlixTests.framework */,
			);
			name = Frameworks;
			sourceTree = "<group>";
		};
		DF62D32F2698ABF8007EE927 = {
			isa = PBXGroup;
			children = (
				DF62D33A2698ABF8007EE927 /* Flix */,
				DF62D3512698ABFA007EE927 /* FlixTests */,
				DF62D35C2698ABFA007EE927 /* FlixUITests */,
				DF62D3392698ABF8007EE927 /* Products */,
				0A32DD0DE6498F58502D79D7 /* Pods */,
				37397BC61CC5707018CC4669 /* Frameworks */,
			);
			sourceTree = "<group>";
		};
		DF62D3392698ABF8007EE927 /* Products */ = {
			isa = PBXGroup;
			children = (
				DF62D3382698ABF8007EE927 /* Flix.app */,
				DF62D34E2698ABFA007EE927 /* FlixTests.xctest */,
				DF62D3592698ABFA007EE927 /* FlixUITests.xctest */,
			);
			name = Products;
			sourceTree = "<group>";
		};
		DF62D33A2698ABF8007EE927 /* Flix */ = {
			isa = PBXGroup;
			children = (
				DF62D33B2698ABF8007EE927 /* AppDelegate.swift */,
				DF62D33D2698ABF8007EE927 /* SceneDelegate.swift */,
				DF62D36B2698B67D007EE927 /* MoviesViewController.swift */,
				DF62D36D2698F7A4007EE927 /* MovieCell.swift */,
				DFA6971A26A1F2EC00A11295 /* MovieDetailsViewController.swift */,
				DF84DA0D26A27FDA0076B1B1 /* MovieGridViewController.swift */,
				DF84DA1126A2861E0076B1B1 /* MovieGridCell.swift */,
				DF62D3412698ABF8007EE927 /* Main.storyboard */,
				DF62D3462698ABFA007EE927 /* LaunchScreen.storyboard */,
				DF62D3442698ABFA007EE927 /* Assets.xcassets */,
				DF62D3492698ABFA007EE927 /* Info.plist */,
			);
			path = Flix;
			sourceTree = "<group>";
		};
		DF62D3512698ABFA007EE927 /* FlixTests */ = {
			isa = PBXGroup;
			children = (
				DF62D3522698ABFA007EE927 /* FlixTests.swift */,
				DF62D3542698ABFA007EE927 /* Info.plist */,
			);
			path = FlixTests;
			sourceTree = "<group>";
		};
		DF62D35C2698ABFA007EE927 /* FlixUITests */ = {
			isa = PBXGroup;
			children = (
				DF62D35D2698ABFA007EE927 /* FlixUITests.swift */,
				DF62D35F2698ABFA007EE927 /* Info.plist */,
			);
			path = FlixUITests;
			sourceTree = "<group>";
		};
/* End PBXGroup section */

/* Begin PBXNativeTarget section */
		DF62D3372698ABF8007EE927 /* Flix */ = {
			isa = PBXNativeTarget;
			buildConfigurationList = DF62D3622698ABFA007EE927 /* Build configuration list for PBXNativeTarget "Flix" */;
			buildPhases = (
				FECA629CC8814E1CB1F2C7F7 /* [CP] Check Pods Manifest.lock */,
				DF62D3342698ABF8007EE927 /* Sources */,
				DF62D3352698ABF8007EE927 /* Frameworks */,
				DF62D3362698ABF8007EE927 /* Resources */,
				E5BA952C0EDE9801859C2EC1 /* [CP] Embed Pods Frameworks */,
			);
			buildRules = (
			);
			dependencies = (
			);
			name = Flix;
			packageProductDependencies = (
				DF62D3702698FB92007EE927 /* AlamofireImage */,
			);
			productName = Flix;
			productReference = DF62D3382698ABF8007EE927 /* Flix.app */;
			productType = "com.apple.product-type.application";
		};
		DF62D34D2698ABFA007EE927 /* FlixTests */ = {
			isa = PBXNativeTarget;
			buildConfigurationList = DF62D3652698ABFA007EE927 /* Build configuration list for PBXNativeTarget "FlixTests" */;
			buildPhases = (
				04F7D9358F86D50E05646EA6 /* [CP] Check Pods Manifest.lock */,
				DF62D34A2698ABFA007EE927 /* Sources */,
				DF62D34B2698ABFA007EE927 /* Frameworks */,
				DF62D34C2698ABFA007EE927 /* Resources */,
			);
			buildRules = (
			);
			dependencies = (
				DF62D3502698ABFA007EE927 /* PBXTargetDependency */,
			);
			name = FlixTests;
			productName = FlixTests;
			productReference = DF62D34E2698ABFA007EE927 /* FlixTests.xctest */;
			productType = "com.apple.product-type.bundle.unit-test";
		};
		DF62D3582698ABFA007EE927 /* FlixUITests */ = {
			isa = PBXNativeTarget;
			buildConfigurationList = DF62D3682698ABFA007EE927 /* Build configuration list for PBXNativeTarget "FlixUITests" */;
			buildPhases = (
				9C0ABF9BD4EC353596DB41AC /* [CP] Check Pods Manifest.lock */,
				DF62D3552698ABFA007EE927 /* Sources */,
				DF62D3562698ABFA007EE927 /* Frameworks */,
				DF62D3572698ABFA007EE927 /* Resources */,
				001F0812CFA4BA7AFC5184A5 /* [CP] Embed Pods Frameworks */,
			);
			buildRules = (
			);
			dependencies = (
				DF62D35B2698ABFA007EE927 /* PBXTargetDependency */,
			);
			name = FlixUITests;
			productName = FlixUITests;
			productReference = DF62D3592698ABFA007EE927 /* FlixUITests.xctest */;
			productType = "com.apple.product-type.bundle.ui-testing";
		};
/* End PBXNativeTarget section */

/* Begin PBXProject section */
		DF62D3302698ABF8007EE927 /* Project object */ = {
			isa = PBXProject;
			attributes = {
				LastSwiftUpdateCheck = 1250;
				LastUpgradeCheck = 1250;
				TargetAttributes = {
					DF62D3372698ABF8007EE927 = {
						CreatedOnToolsVersion = 12.5.1;
					};
					DF62D34D2698ABFA007EE927 = {
						CreatedOnToolsVersion = 12.5.1;
						TestTargetID = DF62D3372698ABF8007EE927;
					};
					DF62D3582698ABFA007EE927 = {
						CreatedOnToolsVersion = 12.5.1;
						TestTargetID = DF62D3372698ABF8007EE927;
					};
				};
			};
			buildConfigurationList = DF62D3332698ABF8007EE927 /* Build configuration list for PBXProject "Flix" */;
			compatibilityVersion = "Xcode 9.3";
			developmentRegion = en;
			hasScannedForEncodings = 0;
			knownRegions = (
				en,
				Base,
			);
			mainGroup = DF62D32F2698ABF8007EE927;
			packageReferences = (
				DF62D36F2698FB91007EE927 /* XCRemoteSwiftPackageReference "AlamofireImage" */,
			);
			productRefGroup = DF62D3392698ABF8007EE927 /* Products */;
			projectDirPath = "";
			projectRoot = "";
			targets = (
				DF62D3372698ABF8007EE927 /* Flix */,
				DF62D34D2698ABFA007EE927 /* FlixTests */,
				DF62D3582698ABFA007EE927 /* FlixUITests */,
			);
		};
/* End PBXProject section */

/* Begin PBXResourcesBuildPhase section */
		DF62D3362698ABF8007EE927 /* Resources */ = {
			isa = PBXResourcesBuildPhase;
			buildActionMask = 2147483647;
			files = (
				DF62D3482698ABFA007EE927 /* LaunchScreen.storyboard in Resources */,
				DF62D3452698ABFA007EE927 /* Assets.xcassets in Resources */,
				DF62D3432698ABF8007EE927 /* Main.storyboard in Resources */,
			);
			runOnlyForDeploymentPostprocessing = 0;
		};
		DF62D34C2698ABFA007EE927 /* Resources */ = {
			isa = PBXResourcesBuildPhase;
			buildActionMask = 2147483647;
			files = (
			);
			runOnlyForDeploymentPostprocessing = 0;
		};
		DF62D3572698ABFA007EE927 /* Resources */ = {
			isa = PBXResourcesBuildPhase;
			buildActionMask = 2147483647;
			files = (
			);
			runOnlyForDeploymentPostprocessing = 0;
		};
/* End PBXResourcesBuildPhase section */

/* Begin PBXShellScriptBuildPhase section */
		001F0812CFA4BA7AFC5184A5 /* [CP] Embed Pods Frameworks */ = {
			isa = PBXShellScriptBuildPhase;
			buildActionMask = 2147483647;
			files = (
			);
			inputFileListPaths = (
				"${PODS_ROOT}/Target Support Files/Pods-Flix-FlixUITests/Pods-Flix-FlixUITests-frameworks-${CONFIGURATION}-input-files.xcfilelist",
			);
			name = "[CP] Embed Pods Frameworks";
			outputFileListPaths = (
				"${PODS_ROOT}/Target Support Files/Pods-Flix-FlixUITests/Pods-Flix-FlixUITests-frameworks-${CONFIGURATION}-output-files.xcfilelist",
			);
			runOnlyForDeploymentPostprocessing = 0;
			shellPath = /bin/sh;
			shellScript = "\"${PODS_ROOT}/Target Support Files/Pods-Flix-FlixUITests/Pods-Flix-FlixUITests-frameworks.sh\"\n";
			showEnvVarsInLog = 0;
		};
		04F7D9358F86D50E05646EA6 /* [CP] Check Pods Manifest.lock */ = {
			isa = PBXShellScriptBuildPhase;
			buildActionMask = 2147483647;
			files = (
			);
			inputFileListPaths = (
			);
			inputPaths = (
				"${PODS_PODFILE_DIR_PATH}/Podfile.lock",
				"${PODS_ROOT}/Manifest.lock",
			);
			name = "[CP] Check Pods Manifest.lock";
			outputFileListPaths = (
			);
			outputPaths = (
				"$(DERIVED_FILE_DIR)/Pods-FlixTests-checkManifestLockResult.txt",
			);
			runOnlyForDeploymentPostprocessing = 0;
			shellPath = /bin/sh;
			shellScript = "diff \"${PODS_PODFILE_DIR_PATH}/Podfile.lock\" \"${PODS_ROOT}/Manifest.lock\" > /dev/null\nif [ $? != 0 ] ; then\n    # print error to STDERR\n    echo \"error: The sandbox is not in sync with the Podfile.lock. Run 'pod install' or update your CocoaPods installation.\" >&2\n    exit 1\nfi\n# This output is used by Xcode 'outputs' to avoid re-running this script phase.\necho \"SUCCESS\" > \"${SCRIPT_OUTPUT_FILE_0}\"\n";
			showEnvVarsInLog = 0;
		};
		9C0ABF9BD4EC353596DB41AC /* [CP] Check Pods Manifest.lock */ = {
			isa = PBXShellScriptBuildPhase;
			buildActionMask = 2147483647;
			files = (
			);
			inputFileListPaths = (
			);
			inputPaths = (
				"${PODS_PODFILE_DIR_PATH}/Podfile.lock",
				"${PODS_ROOT}/Manifest.lock",
			);
			name = "[CP] Check Pods Manifest.lock";
			outputFileListPaths = (
			);
			outputPaths = (
				"$(DERIVED_FILE_DIR)/Pods-Flix-FlixUITests-checkManifestLockResult.txt",
			);
			runOnlyForDeploymentPostprocessing = 0;
			shellPath = /bin/sh;
			shellScript = "diff \"${PODS_PODFILE_DIR_PATH}/Podfile.lock\" \"${PODS_ROOT}/Manifest.lock\" > /dev/null\nif [ $? != 0 ] ; then\n    # print error to STDERR\n    echo \"error: The sandbox is not in sync with the Podfile.lock. Run 'pod install' or update your CocoaPods installation.\" >&2\n    exit 1\nfi\n# This output is used by Xcode 'outputs' to avoid re-running this script phase.\necho \"SUCCESS\" > \"${SCRIPT_OUTPUT_FILE_0}\"\n";
			showEnvVarsInLog = 0;
		};
		E5BA952C0EDE9801859C2EC1 /* [CP] Embed Pods Frameworks */ = {
			isa = PBXShellScriptBuildPhase;
			buildActionMask = 2147483647;
			files = (
			);
			inputFileListPaths = (
				"${PODS_ROOT}/Target Support Files/Pods-Flix/Pods-Flix-frameworks-${CONFIGURATION}-input-files.xcfilelist",
			);
			name = "[CP] Embed Pods Frameworks";
			outputFileListPaths = (
				"${PODS_ROOT}/Target Support Files/Pods-Flix/Pods-Flix-frameworks-${CONFIGURATION}-output-files.xcfilelist",
			);
			runOnlyForDeploymentPostprocessing = 0;
			shellPath = /bin/sh;
			shellScript = "\"${PODS_ROOT}/Target Support Files/Pods-Flix/Pods-Flix-frameworks.sh\"\n";
			showEnvVarsInLog = 0;
		};
		FECA629CC8814E1CB1F2C7F7 /* [CP] Check Pods Manifest.lock */ = {
			isa = PBXShellScriptBuildPhase;
			buildActionMask = 2147483647;
			files = (
			);
			inputFileListPaths = (
			);
			inputPaths = (
				"${PODS_PODFILE_DIR_PATH}/Podfile.lock",
				"${PODS_ROOT}/Manifest.lock",
			);
			name = "[CP] Check Pods Manifest.lock";
			outputFileListPaths = (
			);
			outputPaths = (
				"$(DERIVED_FILE_DIR)/Pods-Flix-checkManifestLockResult.txt",
			);
			runOnlyForDeploymentPostprocessing = 0;
			shellPath = /bin/sh;
			shellScript = "diff \"${PODS_PODFILE_DIR_PATH}/Podfile.lock\" \"${PODS_ROOT}/Manifest.lock\" > /dev/null\nif [ $? != 0 ] ; then\n    # print error to STDERR\n    echo \"error: The sandbox is not in sync with the Podfile.lock. Run 'pod install' or update your CocoaPods installation.\" >&2\n    exit 1\nfi\n# This output is used by Xcode 'outputs' to avoid re-running this script phase.\necho \"SUCCESS\" > \"${SCRIPT_OUTPUT_FILE_0}\"\n";
			showEnvVarsInLog = 0;
		};
/* End PBXShellScriptBuildPhase section */

/* Begin PBXSourcesBuildPhase section */
		DF62D3342698ABF8007EE927 /* Sources */ = {
			isa = PBXSourcesBuildPhase;
			buildActionMask = 2147483647;
			files = (
				DFA6971B26A1F2EC00A11295 /* MovieDetailsViewController.swift in Sources */,
				DF62D33C2698ABF8007EE927 /* AppDelegate.swift in Sources */,
				DF62D33E2698ABF8007EE927 /* SceneDelegate.swift in Sources */,
				DF62D36E2698F7A4007EE927 /* MovieCell.swift in Sources */,
				DF62D36C2698B67D007EE927 /* MoviesViewController.swift in Sources */,
				DF84DA0E26A27FDB0076B1B1 /* MovieGridViewController.swift in Sources */,
				DF84DA1226A2861E0076B1B1 /* MovieGridCell.swift in Sources */,
			);
			runOnlyForDeploymentPostprocessing = 0;
		};
		DF62D34A2698ABFA007EE927 /* Sources */ = {
			isa = PBXSourcesBuildPhase;
			buildActionMask = 2147483647;
			files = (
				DF62D3532698ABFA007EE927 /* FlixTests.swift in Sources */,
			);
			runOnlyForDeploymentPostprocessing = 0;
		};
		DF62D3552698ABFA007EE927 /* Sources */ = {
			isa = PBXSourcesBuildPhase;
			buildActionMask = 2147483647;
			files = (
				DF62D35E2698ABFA007EE927 /* FlixUITests.swift in Sources */,
			);
			runOnlyForDeploymentPostprocessing = 0;
		};
/* End PBXSourcesBuildPhase section */

/* Begin PBXTargetDependency section */
		DF62D3502698ABFA007EE927 /* PBXTargetDependency */ = {
			isa = PBXTargetDependency;
			target = DF62D3372698ABF8007EE927 /* Flix */;
			targetProxy = DF62D34F2698ABFA007EE927 /* PBXContainerItemProxy */;
		};
		DF62D35B2698ABFA007EE927 /* PBXTargetDependency */ = {
			isa = PBXTargetDependency;
			target = DF62D3372698ABF8007EE927 /* Flix */;
			targetProxy = DF62D35A2698ABFA007EE927 /* PBXContainerItemProxy */;
		};
/* End PBXTargetDependency section */

/* Begin PBXVariantGroup section */
		DF62D3412698ABF8007EE927 /* Main.storyboard */ = {
			isa = PBXVariantGroup;
			children = (
				DF62D3422698ABF8007EE927 /* Base */,
			);
			name = Main.storyboard;
			sourceTree = "<group>";
		};
		DF62D3462698ABFA007EE927 /* LaunchScreen.storyboard */ = {
			isa = PBXVariantGroup;
			children = (
				DF62D3472698ABFA007EE927 /* Base */,
			);
			name = LaunchScreen.storyboard;
			sourceTree = "<group>";
		};
/* End PBXVariantGroup section */

/* Begin XCBuildConfiguration section */
		DF62D3602698ABFA007EE927 /* Debug */ = {
			isa = XCBuildConfiguration;
			buildSettings = {
				ALWAYS_SEARCH_USER_PATHS = NO;
				CLANG_ANALYZER_NONNULL = YES;
				CLANG_ANALYZER_NUMBER_OBJECT_CONVERSION = YES_AGGRESSIVE;
				CLANG_CXX_LANGUAGE_STANDARD = "gnu++14";
				CLANG_CXX_LIBRARY = "libc++";
				CLANG_ENABLE_MODULES = YES;
				CLANG_ENABLE_OBJC_ARC = YES;
				CLANG_ENABLE_OBJC_WEAK = YES;
				CLANG_WARN_BLOCK_CAPTURE_AUTORELEASING = YES;
				CLANG_WARN_BOOL_CONVERSION = YES;
				CLANG_WARN_COMMA = YES;
				CLANG_WARN_CONSTANT_CONVERSION = YES;
				CLANG_WARN_DEPRECATED_OBJC_IMPLEMENTATIONS = YES;
				CLANG_WARN_DIRECT_OBJC_ISA_USAGE = YES_ERROR;
				CLANG_WARN_DOCUMENTATION_COMMENTS = YES;
				CLANG_WARN_EMPTY_BODY = YES;
				CLANG_WARN_ENUM_CONVERSION = YES;
				CLANG_WARN_INFINITE_RECURSION = YES;
				CLANG_WARN_INT_CONVERSION = YES;
				CLANG_WARN_NON_LITERAL_NULL_CONVERSION = YES;
				CLANG_WARN_OBJC_IMPLICIT_RETAIN_SELF = YES;
				CLANG_WARN_OBJC_LITERAL_CONVERSION = YES;
				CLANG_WARN_OBJC_ROOT_CLASS = YES_ERROR;
				CLANG_WARN_QUOTED_INCLUDE_IN_FRAMEWORK_HEADER = YES;
				CLANG_WARN_RANGE_LOOP_ANALYSIS = YES;
				CLANG_WARN_STRICT_PROTOTYPES = YES;
				CLANG_WARN_SUSPICIOUS_MOVE = YES;
				CLANG_WARN_UNGUARDED_AVAILABILITY = YES_AGGRESSIVE;
				CLANG_WARN_UNREACHABLE_CODE = YES;
				CLANG_WARN__DUPLICATE_METHOD_MATCH = YES;
				COPY_PHASE_STRIP = NO;
				DEBUG_INFORMATION_FORMAT = dwarf;
				ENABLE_STRICT_OBJC_MSGSEND = YES;
				ENABLE_TESTABILITY = YES;
				GCC_C_LANGUAGE_STANDARD = gnu11;
				GCC_DYNAMIC_NO_PIC = NO;
				GCC_NO_COMMON_BLOCKS = YES;
				GCC_OPTIMIZATION_LEVEL = 0;
				GCC_PREPROCESSOR_DEFINITIONS = (
					"DEBUG=1",
					"$(inherited)",
				);
				GCC_WARN_64_TO_32_BIT_CONVERSION = YES;
				GCC_WARN_ABOUT_RETURN_TYPE = YES_ERROR;
				GCC_WARN_UNDECLARED_SELECTOR = YES;
				GCC_WARN_UNINITIALIZED_AUTOS = YES_AGGRESSIVE;
				GCC_WARN_UNUSED_FUNCTION = YES;
				GCC_WARN_UNUSED_VARIABLE = YES;
				IPHONEOS_DEPLOYMENT_TARGET = 14.5;
				MTL_ENABLE_DEBUG_INFO = INCLUDE_SOURCE;
				MTL_FAST_MATH = YES;
				ONLY_ACTIVE_ARCH = YES;
				SDKROOT = iphoneos;
				SWIFT_ACTIVE_COMPILATION_CONDITIONS = DEBUG;
				SWIFT_OPTIMIZATION_LEVEL = "-Onone";
			};
			name = Debug;
		};
		DF62D3612698ABFA007EE927 /* Release */ = {
			isa = XCBuildConfiguration;
			buildSettings = {
				ALWAYS_SEARCH_USER_PATHS = NO;
				CLANG_ANALYZER_NONNULL = YES;
				CLANG_ANALYZER_NUMBER_OBJECT_CONVERSION = YES_AGGRESSIVE;
				CLANG_CXX_LANGUAGE_STANDARD = "gnu++14";
				CLANG_CXX_LIBRARY = "libc++";
				CLANG_ENABLE_MODULES = YES;
				CLANG_ENABLE_OBJC_ARC = YES;
				CLANG_ENABLE_OBJC_WEAK = YES;
				CLANG_WARN_BLOCK_CAPTURE_AUTORELEASING = YES;
				CLANG_WARN_BOOL_CONVERSION = YES;
				CLANG_WARN_COMMA = YES;
				CLANG_WARN_CONSTANT_CONVERSION = YES;
				CLANG_WARN_DEPRECATED_OBJC_IMPLEMENTATIONS = YES;
				CLANG_WARN_DIRECT_OBJC_ISA_USAGE = YES_ERROR;
				CLANG_WARN_DOCUMENTATION_COMMENTS = YES;
				CLANG_WARN_EMPTY_BODY = YES;
				CLANG_WARN_ENUM_CONVERSION = YES;
				CLANG_WARN_INFINITE_RECURSION = YES;
				CLANG_WARN_INT_CONVERSION = YES;
				CLANG_WARN_NON_LITERAL_NULL_CONVERSION = YES;
				CLANG_WARN_OBJC_IMPLICIT_RETAIN_SELF = YES;
				CLANG_WARN_OBJC_LITERAL_CONVERSION = YES;
				CLANG_WARN_OBJC_ROOT_CLASS = YES_ERROR;
				CLANG_WARN_QUOTED_INCLUDE_IN_FRAMEWORK_HEADER = YES;
				CLANG_WARN_RANGE_LOOP_ANALYSIS = YES;
				CLANG_WARN_STRICT_PROTOTYPES = YES;
				CLANG_WARN_SUSPICIOUS_MOVE = YES;
				CLANG_WARN_UNGUARDED_AVAILABILITY = YES_AGGRESSIVE;
				CLANG_WARN_UNREACHABLE_CODE = YES;
				CLANG_WARN__DUPLICATE_METHOD_MATCH = YES;
				COPY_PHASE_STRIP = NO;
				DEBUG_INFORMATION_FORMAT = "dwarf-with-dsym";
				ENABLE_NS_ASSERTIONS = NO;
				ENABLE_STRICT_OBJC_MSGSEND = YES;
				GCC_C_LANGUAGE_STANDARD = gnu11;
				GCC_NO_COMMON_BLOCKS = YES;
				GCC_WARN_64_TO_32_BIT_CONVERSION = YES;
				GCC_WARN_ABOUT_RETURN_TYPE = YES_ERROR;
				GCC_WARN_UNDECLARED_SELECTOR = YES;
				GCC_WARN_UNINITIALIZED_AUTOS = YES_AGGRESSIVE;
				GCC_WARN_UNUSED_FUNCTION = YES;
				GCC_WARN_UNUSED_VARIABLE = YES;
				IPHONEOS_DEPLOYMENT_TARGET = 14.5;
				MTL_ENABLE_DEBUG_INFO = NO;
				MTL_FAST_MATH = YES;
				SDKROOT = iphoneos;
				SWIFT_COMPILATION_MODE = wholemodule;
				SWIFT_OPTIMIZATION_LEVEL = "-O";
				VALIDATE_PRODUCT = YES;
			};
			name = Release;
		};
		DF62D3632698ABFA007EE927 /* Debug */ = {
			isa = XCBuildConfiguration;
			baseConfigurationReference = 8721911BA9A3F3182E768564 /* Pods-Flix.debug.xcconfig */;
			buildSettings = {
				ASSETCATALOG_COMPILER_APPICON_NAME = AppIcon;
				ASSETCATALOG_COMPILER_GLOBAL_ACCENT_COLOR_NAME = AccentColor;
				CODE_SIGN_STYLE = Automatic;
				INFOPLIST_FILE = Flix/Info.plist;
				LD_RUNPATH_SEARCH_PATHS = (
					"$(inherited)",
					"@executable_path/Frameworks",
				);
				PRODUCT_BUNDLE_IDENTIFIER = co.amberhandal.Flix;
				PRODUCT_NAME = "$(TARGET_NAME)";
				SWIFT_VERSION = 5.0;
				TARGETED_DEVICE_FAMILY = "1,2";
			};
			name = Debug;
		};
		DF62D3642698ABFA007EE927 /* Release */ = {
			isa = XCBuildConfiguration;
			baseConfigurationReference = 39F4268E5FAE10C0E479A419 /* Pods-Flix.release.xcconfig */;
			buildSettings = {
				ASSETCATALOG_COMPILER_APPICON_NAME = AppIcon;
				ASSETCATALOG_COMPILER_GLOBAL_ACCENT_COLOR_NAME = AccentColor;
				CODE_SIGN_STYLE = Automatic;
				INFOPLIST_FILE = Flix/Info.plist;
				LD_RUNPATH_SEARCH_PATHS = (
					"$(inherited)",
					"@executable_path/Frameworks",
				);
				PRODUCT_BUNDLE_IDENTIFIER = co.amberhandal.Flix;
				PRODUCT_NAME = "$(TARGET_NAME)";
				SWIFT_VERSION = 5.0;
				TARGETED_DEVICE_FAMILY = "1,2";
			};
			name = Release;
		};
		DF62D3662698ABFA007EE927 /* Debug */ = {
			isa = XCBuildConfiguration;
			baseConfigurationReference = 851D46FF8BD2AAC4BA6B80AE /* Pods-FlixTests.debug.xcconfig */;
			buildSettings = {
				ALWAYS_EMBED_SWIFT_STANDARD_LIBRARIES = YES;
				BUNDLE_LOADER = "$(TEST_HOST)";
				CODE_SIGN_STYLE = Automatic;
				INFOPLIST_FILE = FlixTests/Info.plist;
				IPHONEOS_DEPLOYMENT_TARGET = 14.5;
				LD_RUNPATH_SEARCH_PATHS = (
					"$(inherited)",
					"@executable_path/Frameworks",
					"@loader_path/Frameworks",
				);
				PRODUCT_BUNDLE_IDENTIFIER = co.amberhandal.FlixTests;
				PRODUCT_NAME = "$(TARGET_NAME)";
				SWIFT_VERSION = 5.0;
				TARGETED_DEVICE_FAMILY = "1,2";
				TEST_HOST = "$(BUILT_PRODUCTS_DIR)/Flix.app/Flix";
			};
			name = Debug;
		};
		DF62D3672698ABFA007EE927 /* Release */ = {
			isa = XCBuildConfiguration;
			baseConfigurationReference = A9E119C616BA8092199A96E8 /* Pods-FlixTests.release.xcconfig */;
			buildSettings = {
				ALWAYS_EMBED_SWIFT_STANDARD_LIBRARIES = YES;
				BUNDLE_LOADER = "$(TEST_HOST)";
				CODE_SIGN_STYLE = Automatic;
				INFOPLIST_FILE = FlixTests/Info.plist;
				IPHONEOS_DEPLOYMENT_TARGET = 14.5;
				LD_RUNPATH_SEARCH_PATHS = (
					"$(inherited)",
					"@executable_path/Frameworks",
					"@loader_path/Frameworks",
				);
				PRODUCT_BUNDLE_IDENTIFIER = co.amberhandal.FlixTests;
				PRODUCT_NAME = "$(TARGET_NAME)";
				SWIFT_VERSION = 5.0;
				TARGETED_DEVICE_FAMILY = "1,2";
				TEST_HOST = "$(BUILT_PRODUCTS_DIR)/Flix.app/Flix";
			};
			name = Release;
		};
		DF62D3692698ABFA007EE927 /* Debug */ = {
			isa = XCBuildConfiguration;
			baseConfigurationReference = 9237154D20C661D0B32DA1EF /* Pods-Flix-FlixUITests.debug.xcconfig */;
			buildSettings = {
				ALWAYS_EMBED_SWIFT_STANDARD_LIBRARIES = YES;
				CODE_SIGN_STYLE = Automatic;
				INFOPLIST_FILE = FlixUITests/Info.plist;
				LD_RUNPATH_SEARCH_PATHS = (
					"$(inherited)",
					"@executable_path/Frameworks",
					"@loader_path/Frameworks",
				);
				PRODUCT_BUNDLE_IDENTIFIER = co.amberhandal.FlixUITests;
				PRODUCT_NAME = "$(TARGET_NAME)";
				SWIFT_VERSION = 5.0;
				TARGETED_DEVICE_FAMILY = "1,2";
				TEST_TARGET_NAME = Flix;
			};
			name = Debug;
		};
		DF62D36A2698ABFA007EE927 /* Release */ = {
			isa = XCBuildConfiguration;
			baseConfigurationReference = 5BB1C35B00C0373181A26480 /* Pods-Flix-FlixUITests.release.xcconfig */;
			buildSettings = {
				ALWAYS_EMBED_SWIFT_STANDARD_LIBRARIES = YES;
				CODE_SIGN_STYLE = Automatic;
				INFOPLIST_FILE = FlixUITests/Info.plist;
				LD_RUNPATH_SEARCH_PATHS = (
					"$(inherited)",
					"@executable_path/Frameworks",
					"@loader_path/Frameworks",
				);
				PRODUCT_BUNDLE_IDENTIFIER = co.amberhandal.FlixUITests;
				PRODUCT_NAME = "$(TARGET_NAME)";
				SWIFT_VERSION = 5.0;
				TARGETED_DEVICE_FAMILY = "1,2";
				TEST_TARGET_NAME = Flix;
			};
			name = Release;
		};
/* End XCBuildConfiguration section */

/* Begin XCConfigurationList section */
		DF62D3332698ABF8007EE927 /* Build configuration list for PBXProject "Flix" */ = {
			isa = XCConfigurationList;
			buildConfigurations = (
				DF62D3602698ABFA007EE927 /* Debug */,
				DF62D3612698ABFA007EE927 /* Release */,
			);
			defaultConfigurationIsVisible = 0;
			defaultConfigurationName = Release;
		};
		DF62D3622698ABFA007EE927 /* Build configuration list for PBXNativeTarget "Flix" */ = {
			isa = XCConfigurationList;
			buildConfigurations = (
				DF62D3632698ABFA007EE927 /* Debug */,
				DF62D3642698ABFA007EE927 /* Release */,
			);
			defaultConfigurationIsVisible = 0;
			defaultConfigurationName = Release;
		};
		DF62D3652698ABFA007EE927 /* Build configuration list for PBXNativeTarget "FlixTests" */ = {
			isa = XCConfigurationList;
			buildConfigurations = (
				DF62D3662698ABFA007EE927 /* Debug */,
				DF62D3672698ABFA007EE927 /* Release */,
			);
			defaultConfigurationIsVisible = 0;
			defaultConfigurationName = Release;
		};
		DF62D3682698ABFA007EE927 /* Build configuration list for PBXNativeTarget "FlixUITests" */ = {
			isa = XCConfigurationList;
			buildConfigurations = (
				DF62D3692698ABFA007EE927 /* Debug */,
				DF62D36A2698ABFA007EE927 /* Release */,
			);
			defaultConfigurationIsVisible = 0;
			defaultConfigurationName = Release;
		};
/* End XCConfigurationList section */

/* Begin XCRemoteSwiftPackageReference section */
		DF62D36F2698FB91007EE927 /* XCRemoteSwiftPackageReference "AlamofireImage" */ = {
			isa = XCRemoteSwiftPackageReference;
			repositoryURL = "https://github.com/Alamofire/AlamofireImage";
			requirement = {
				kind = upToNextMajorVersion;
				minimumVersion = 4.2.0;
			};
		};
/* End XCRemoteSwiftPackageReference section */

/* Begin XCSwiftPackageProductDependency section */
		DF62D3702698FB92007EE927 /* AlamofireImage */ = {
			isa = XCSwiftPackageProductDependency;
			package = DF62D36F2698FB91007EE927 /* XCRemoteSwiftPackageReference "AlamofireImage" */;
			productName = AlamofireImage;
		};
/* End XCSwiftPackageProductDependency section */
	};
	rootObject = DF62D3302698ABF8007EE927 /* Project object */;
}
